// !$*UTF8*$!
{
	archiveVersion = 1;
	classes = {
	};
	objectVersion = 50;
	objects = {

/* Begin PBXBuildFile section */
		C41708BB2512F272009F3C9B /* uuid.hpp in Sources */ = {isa = PBXBuildFile; fileRef = C41708BA2512F272009F3C9B /* uuid.hpp */; };
		C4B66B76241F05AB008CDD4F /* libSDL2_image-2.0.0.dylib in Frameworks */ = {isa = PBXBuildFile; fileRef = C4B66B75241F05AB008CDD4F /* libSDL2_image-2.0.0.dylib */; };
		C4B66B77241F05AB008CDD4F /* libSDL2_image-2.0.0.dylib in Embed Libraries */ = {isa = PBXBuildFile; fileRef = C4B66B75241F05AB008CDD4F /* libSDL2_image-2.0.0.dylib */; settings = {ATTRIBUTES = (CodeSignOnCopy, ); }; };
		C4EE67FA241D63AF00965952 /* main.cpp in Sources */ = {isa = PBXBuildFile; fileRef = C4EE67F9241D63AF00965952 /* main.cpp */; };
		C4EE6802241D646400965952 /* libSDL2-2.0.0.dylib in Frameworks */ = {isa = PBXBuildFile; fileRef = C4EE6801241D646400965952 /* libSDL2-2.0.0.dylib */; };
/* End PBXBuildFile section */

/* Begin PBXCopyFilesBuildPhase section */
		C4B66B78241F05AB008CDD4F /* Embed Libraries */ = {
			isa = PBXCopyFilesBuildPhase;
			buildActionMask = 2147483647;
			dstPath = "";
			dstSubfolderSpec = 10;
			files = (
				C4B66B77241F05AB008CDD4F /* libSDL2_image-2.0.0.dylib in Embed Libraries */,
			);
			name = "Embed Libraries";
			runOnlyForDeploymentPostprocessing = 0;
		};
		C4EE67F4241D63AF00965952 /* CopyFiles */ = {
			isa = PBXCopyFilesBuildPhase;
			buildActionMask = 2147483647;
			dstPath = /usr/share/man/man1/;
			dstSubfolderSpec = 0;
			files = (
			);
			runOnlyForDeploymentPostprocessing = 1;
		};
/* End PBXCopyFilesBuildPhase section */

/* Begin PBXFileReference section */
		C41708BA2512F272009F3C9B /* uuid.hpp */ = {isa = PBXFileReference; lastKnownFileType = sourcecode.cpp.h; path = uuid.hpp; sourceTree = "<group>"; };
		C443FB972426E9E200695C92 /* Component.hpp */ = {isa = PBXFileReference; lastKnownFileType = sourcecode.cpp.h; path = Component.hpp; sourceTree = "<group>"; };
		C47B026E2423044C00B776A8 /* Entity.hpp */ = {isa = PBXFileReference; lastKnownFileType = sourcecode.cpp.h; path = Entity.hpp; sourceTree = "<group>"; };
		C47B0271242311F200B776A8 /* EntityManager.hpp */ = {isa = PBXFileReference; lastKnownFileType = sourcecode.cpp.h; path = EntityManager.hpp; sourceTree = "<group>"; };
		C47B02742423126400B776A8 /* ComponentManager.hpp */ = {isa = PBXFileReference; lastKnownFileType = sourcecode.cpp.h; path = ComponentManager.hpp; sourceTree = "<group>"; };
		C47B02782423136F00B776A8 /* ServiceManager.hpp */ = {isa = PBXFileReference; lastKnownFileType = sourcecode.cpp.h; path = ServiceManager.hpp; sourceTree = "<group>"; };
		C4A336F52426FBA80031C877 /* Logger.hpp */ = {isa = PBXFileReference; lastKnownFileType = sourcecode.cpp.h; path = Logger.hpp; sourceTree = "<group>"; };
		C4B66B75241F05AB008CDD4F /* libSDL2_image-2.0.0.dylib */ = {isa = PBXFileReference; lastKnownFileType = "compiled.mach-o.dylib"; name = "libSDL2_image-2.0.0.dylib"; path = "../../../../usr/local/Cellar/sdl2_image/2.0.5/lib/libSDL2_image-2.0.0.dylib"; sourceTree = "<group>"; };
		C4EE67F6241D63AF00965952 /* SDLGame */ = {isa = PBXFileReference; explicitFileType = "compiled.mach-o.executable"; includeInIndex = 0; path = SDLGame; sourceTree = BUILT_PRODUCTS_DIR; };
		C4EE67F9241D63AF00965952 /* main.cpp */ = {isa = PBXFileReference; lastKnownFileType = sourcecode.cpp.cpp; path = main.cpp; sourceTree = "<group>"; };
		C4EE6801241D646400965952 /* libSDL2-2.0.0.dylib */ = {isa = PBXFileReference; lastKnownFileType = "compiled.mach-o.dylib"; name = "libSDL2-2.0.0.dylib"; path = "../../../../usr/local/Cellar/sdl2/2.0.12/lib/libSDL2-2.0.0.dylib"; sourceTree = "<group>"; };
		C4EE6803241D666900965952 /* SDLGame.entitlements */ = {isa = PBXFileReference; lastKnownFileType = text.plist.entitlements; path = SDLGame.entitlements; sourceTree = "<group>"; };
		C4EE6805241D898C00965952 /* Game.hpp */ = {isa = PBXFileReference; lastKnownFileType = sourcecode.cpp.h; path = Game.hpp; sourceTree = "<group>"; };
		C4EE6808241D89F500965952 /* Media.hpp */ = {isa = PBXFileReference; lastKnownFileType = sourcecode.cpp.h; path = Media.hpp; sourceTree = "<group>"; };
/* End PBXFileReference section */

/* Begin PBXFrameworksBuildPhase section */
		C4EE67F3241D63AF00965952 /* Frameworks */ = {
			isa = PBXFrameworksBuildPhase;
			buildActionMask = 2147483647;
			files = (
				C4B66B76241F05AB008CDD4F /* libSDL2_image-2.0.0.dylib in Frameworks */,
				C4EE6802241D646400965952 /* libSDL2-2.0.0.dylib in Frameworks */,
			);
			runOnlyForDeploymentPostprocessing = 0;
		};
/* End PBXFrameworksBuildPhase section */

/* Begin PBXGroup section */
		C4082F3B242058C5006F2323 /* lib */ = {
			isa = PBXGroup;
			children = (
				C433FCE92511A888008E236D /* Utilities */,
				C47B02762423127900B776A8 /* ECS */,
				C4EE6805241D898C00965952 /* Game.hpp */,
				C4EE6808241D89F500965952 /* Media.hpp */,
			);
			path = lib;
			sourceTree = "<group>";
		};
		C433FCE92511A888008E236D /* Utilities */ = {
			isa = PBXGroup;
			children = (
				C41708BA2512F272009F3C9B /* uuid.hpp */,
			);
			path = Utilities;
			sourceTree = "<group>";
		};
		C47B02762423127900B776A8 /* ECS */ = {
			isa = PBXGroup;
			children = (
				C4A336F7242701DD0031C877 /* components */,
				C47B026E2423044C00B776A8 /* Entity.hpp */,
				C47B0271242311F200B776A8 /* EntityManager.hpp */,
				C47B02742423126400B776A8 /* ComponentManager.hpp */,
				C47B02782423136F00B776A8 /* ServiceManager.hpp */,
				C443FB972426E9E200695C92 /* Component.hpp */,
			);
			path = ECS;
			sourceTree = "<group>";
		};
		C4A336F7242701DD0031C877 /* components */ = {
			isa = PBXGroup;
			children = (
				C4A336F52426FBA80031C877 /* Logger.hpp */,
			);
			path = components;
			sourceTree = "<group>";
		};
		C4EE67ED241D63AF00965952 = {
			isa = PBXGroup;
			children = (
				C4EE67F8241D63AF00965952 /* SDLGame */,
				C4EE67F7241D63AF00965952 /* Products */,
				C4EE6800241D646300965952 /* Frameworks */,
			);
			sourceTree = "<group>";
		};
		C4EE67F7241D63AF00965952 /* Products */ = {
			isa = PBXGroup;
			children = (
				C4EE67F6241D63AF00965952 /* SDLGame */,
			);
			name = Products;
			sourceTree = "<group>";
		};
		C4EE67F8241D63AF00965952 /* SDLGame */ = {
			isa = PBXGroup;
			children = (
				C4082F3B242058C5006F2323 /* lib */,
				C4EE6803241D666900965952 /* SDLGame.entitlements */,
				C4EE67F9241D63AF00965952 /* main.cpp */,
			);
			path = SDLGame;
			sourceTree = "<group>";
		};
		C4EE6800241D646300965952 /* Frameworks */ = {
			isa = PBXGroup;
			children = (
				C4B66B75241F05AB008CDD4F /* libSDL2_image-2.0.0.dylib */,
				C4EE6801241D646400965952 /* libSDL2-2.0.0.dylib */,
			);
			name = Frameworks;
			sourceTree = "<group>";
		};
/* End PBXGroup section */

/* Begin PBXNativeTarget section */
		C4EE67F5241D63AF00965952 /* SDLGame */ = {
			isa = PBXNativeTarget;
			buildConfigurationList = C4EE67FD241D63AF00965952 /* Build configuration list for PBXNativeTarget "SDLGame" */;
			buildPhases = (
				C4EE67F2241D63AF00965952 /* Sources */,
				C4EE67F3241D63AF00965952 /* Frameworks */,
				C4EE67F4241D63AF00965952 /* CopyFiles */,
				C4B66B78241F05AB008CDD4F /* Embed Libraries */,
			);
			buildRules = (
			);
			dependencies = (
			);
			name = SDLGame;
			productName = SDLGame;
			productReference = C4EE67F6241D63AF00965952 /* SDLGame */;
			productType = "com.apple.product-type.tool";
		};
/* End PBXNativeTarget section */

/* Begin PBXProject section */
		C4EE67EE241D63AF00965952 /* Project object */ = {
			isa = PBXProject;
			attributes = {
				LastUpgradeCheck = 1120;
				ORGANIZATIONNAME = ahmedboulad;
				TargetAttributes = {
					C4EE67F5241D63AF00965952 = {
						CreatedOnToolsVersion = 11.2.1;
					};
				};
			};
			buildConfigurationList = C4EE67F1241D63AF00965952 /* Build configuration list for PBXProject "SDLGame" */;
			compatibilityVersion = "Xcode 9.3";
			developmentRegion = en;
			hasScannedForEncodings = 0;
			knownRegions = (
				en,
				Base,
			);
			mainGroup = C4EE67ED241D63AF00965952;
			productRefGroup = C4EE67F7241D63AF00965952 /* Products */;
			projectDirPath = "";
			projectRoot = "";
			targets = (
				C4EE67F5241D63AF00965952 /* SDLGame */,
			);
		};
/* End PBXProject section */

/* Begin PBXSourcesBuildPhase section */
		C4EE67F2241D63AF00965952 /* Sources */ = {
			isa = PBXSourcesBuildPhase;
			buildActionMask = 2147483647;
			files = (
				C41708BB2512F272009F3C9B /* uuid.hpp in Sources */,
				C4EE67FA241D63AF00965952 /* main.cpp in Sources */,
			);
			runOnlyForDeploymentPostprocessing = 0;
		};
/* End PBXSourcesBuildPhase section */

/* Begin XCBuildConfiguration section */
		C4EE67FB241D63AF00965952 /* Debug */ = {
			isa = XCBuildConfiguration;
			buildSettings = {
				ALWAYS_SEARCH_USER_PATHS = NO;
				CLANG_ANALYZER_NONNULL = YES;
				CLANG_ANALYZER_NUMBER_OBJECT_CONVERSION = YES_AGGRESSIVE;
				CLANG_CXX_LANGUAGE_STANDARD = "gnu++14";
				CLANG_CXX_LIBRARY = "libc++";
				CLANG_ENABLE_MODULES = YES;
				CLANG_ENABLE_OBJC_ARC = YES;
				CLANG_ENABLE_OBJC_WEAK = YES;
				CLANG_WARN_BLOCK_CAPTURE_AUTORELEASING = YES;
				CLANG_WARN_BOOL_CONVERSION = YES;
				CLANG_WARN_COMMA = YES;
				CLANG_WARN_CONSTANT_CONVERSION = YES;
				CLANG_WARN_DEPRECATED_OBJC_IMPLEMENTATIONS = YES;
				CLANG_WARN_DIRECT_OBJC_ISA_USAGE = YES_ERROR;
				CLANG_WARN_DOCUMENTATION_COMMENTS = YES;
				CLANG_WARN_EMPTY_BODY = YES;
				CLANG_WARN_ENUM_CONVERSION = YES;
				CLANG_WARN_INFINITE_RECURSION = YES;
				CLANG_WARN_INT_CONVERSION = YES;
				CLANG_WARN_NON_LITERAL_NULL_CONVERSION = YES;
				CLANG_WARN_OBJC_IMPLICIT_RETAIN_SELF = YES;
				CLANG_WARN_OBJC_LITERAL_CONVERSION = YES;
				CLANG_WARN_OBJC_ROOT_CLASS = YES_ERROR;
				CLANG_WARN_RANGE_LOOP_ANALYSIS = YES;
				CLANG_WARN_STRICT_PROTOTYPES = YES;
				CLANG_WARN_SUSPICIOUS_MOVE = YES;
				CLANG_WARN_UNGUARDED_AVAILABILITY = YES_AGGRESSIVE;
				CLANG_WARN_UNREACHABLE_CODE = YES;
				CLANG_WARN__DUPLICATE_METHOD_MATCH = YES;
				COPY_PHASE_STRIP = NO;
				DEBUG_INFORMATION_FORMAT = dwarf;
				ENABLE_STRICT_OBJC_MSGSEND = YES;
				ENABLE_TESTABILITY = YES;
				GCC_C_LANGUAGE_STANDARD = gnu11;
				GCC_DYNAMIC_NO_PIC = NO;
				GCC_NO_COMMON_BLOCKS = YES;
				GCC_OPTIMIZATION_LEVEL = 0;
				GCC_PREPROCESSOR_DEFINITIONS = (
					"DEBUG=1",
					"$(inherited)",
				);
				GCC_WARN_64_TO_32_BIT_CONVERSION = YES;
				GCC_WARN_ABOUT_RETURN_TYPE = YES_ERROR;
				GCC_WARN_UNDECLARED_SELECTOR = YES;
				GCC_WARN_UNINITIALIZED_AUTOS = YES_AGGRESSIVE;
				GCC_WARN_UNUSED_FUNCTION = YES;
				GCC_WARN_UNUSED_VARIABLE = YES;
				HEADER_SEARCH_PATHS = /usr/local/include;
				MACOSX_DEPLOYMENT_TARGET = 10.15;
				MTL_ENABLE_DEBUG_INFO = INCLUDE_SOURCE;
				MTL_FAST_MATH = YES;
				ONLY_ACTIVE_ARCH = YES;
				SDKROOT = macosx;
			};
			name = Debug;
		};
		C4EE67FC241D63AF00965952 /* Release */ = {
			isa = XCBuildConfiguration;
			buildSettings = {
				ALWAYS_SEARCH_USER_PATHS = NO;
				CLANG_ANALYZER_NONNULL = YES;
				CLANG_ANALYZER_NUMBER_OBJECT_CONVERSION = YES_AGGRESSIVE;
				CLANG_CXX_LANGUAGE_STANDARD = "gnu++14";
				CLANG_CXX_LIBRARY = "libc++";
				CLANG_ENABLE_MODULES = YES;
				CLANG_ENABLE_OBJC_ARC = YES;
				CLANG_ENABLE_OBJC_WEAK = YES;
				CLANG_WARN_BLOCK_CAPTURE_AUTORELEASING = YES;
				CLANG_WARN_BOOL_CONVERSION = YES;
				CLANG_WARN_COMMA = YES;
				CLANG_WARN_CONSTANT_CONVERSION = YES;
				CLANG_WARN_DEPRECATED_OBJC_IMPLEMENTATIONS = YES;
				CLANG_WARN_DIRECT_OBJC_ISA_USAGE = YES_ERROR;
				CLANG_WARN_DOCUMENTATION_COMMENTS = YES;
				CLANG_WARN_EMPTY_BODY = YES;
				CLANG_WARN_ENUM_CONVERSION = YES;
				CLANG_WARN_INFINITE_RECURSION = YES;
				CLANG_WARN_INT_CONVERSION = YES;
				CLANG_WARN_NON_LITERAL_NULL_CONVERSION = YES;
				CLANG_WARN_OBJC_IMPLICIT_RETAIN_SELF = YES;
				CLANG_WARN_OBJC_LITERAL_CONVERSION = YES;
				CLANG_WARN_OBJC_ROOT_CLASS = YES_ERROR;
				CLANG_WARN_RANGE_LOOP_ANALYSIS = YES;
				CLANG_WARN_STRICT_PROTOTYPES = YES;
				CLANG_WARN_SUSPICIOUS_MOVE = YES;
				CLANG_WARN_UNGUARDED_AVAILABILITY = YES_AGGRESSIVE;
				CLANG_WARN_UNREACHABLE_CODE = YES;
				CLANG_WARN__DUPLICATE_METHOD_MATCH = YES;
				COPY_PHASE_STRIP = NO;
				DEBUG_INFORMATION_FORMAT = "dwarf-with-dsym";
				ENABLE_NS_ASSERTIONS = NO;
				ENABLE_STRICT_OBJC_MSGSEND = YES;
				GCC_C_LANGUAGE_STANDARD = gnu11;
				GCC_NO_COMMON_BLOCKS = YES;
				GCC_WARN_64_TO_32_BIT_CONVERSION = YES;
				GCC_WARN_ABOUT_RETURN_TYPE = YES_ERROR;
				GCC_WARN_UNDECLARED_SELECTOR = YES;
				GCC_WARN_UNINITIALIZED_AUTOS = YES_AGGRESSIVE;
				GCC_WARN_UNUSED_FUNCTION = YES;
				GCC_WARN_UNUSED_VARIABLE = YES;
				HEADER_SEARCH_PATHS = /usr/local/include;
				MACOSX_DEPLOYMENT_TARGET = 10.15;
				MTL_ENABLE_DEBUG_INFO = NO;
				MTL_FAST_MATH = YES;
				SDKROOT = macosx;
			};
			name = Release;
		};
		C4EE67FE241D63AF00965952 /* Debug */ = {
			isa = XCBuildConfiguration;
			buildSettings = {
				CODE_SIGN_ENTITLEMENTS = SDLGame/SDLGame.entitlements;
				CODE_SIGN_STYLE = Automatic;
				DEVELOPMENT_TEAM = 23R7628CJ9;
				ENABLE_HARDENED_RUNTIME = YES;
				LIBRARY_SEARCH_PATHS = (
					"$(inherited)",
					/usr/local/Cellar/sdl2/2.0.12/lib,
					/usr/local/Cellar/sdl2_image/2.0.5/lib,
				);
				PRODUCT_NAME = "$(TARGET_NAME)";
			};
			name = Debug;
		};
		C4EE67FF241D63AF00965952 /* Release */ = {
			isa = XCBuildConfiguration;
			buildSettings = {
				CODE_SIGN_ENTITLEMENTS = SDLGame/SDLGame.entitlements;
				CODE_SIGN_STYLE = Automatic;
				DEVELOPMENT_TEAM = 23R7628CJ9;
				ENABLE_HARDENED_RUNTIME = YES;
				LIBRARY_SEARCH_PATHS = (
					"$(inherited)",
					/usr/local/Cellar/sdl2/2.0.12/lib,
					/usr/local/Cellar/sdl2_image/2.0.5/lib,
				);
				PRODUCT_NAME = "$(TARGET_NAME)";
			};
			name = Release;
		};
/* End XCBuildConfiguration section */

/* Begin XCConfigurationList section */
		C4EE67F1241D63AF00965952 /* Build configuration list for PBXProject "SDLGame" */ = {
			isa = XCConfigurationList;
			buildConfigurations = (
				C4EE67FB241D63AF00965952 /* Debug */,
				C4EE67FC241D63AF00965952 /* Release */,
			);
			defaultConfigurationIsVisible = 0;
			defaultConfigurationName = Release;
		};
		C4EE67FD241D63AF00965952 /* Build configuration list for PBXNativeTarget "SDLGame" */ = {
			isa = XCConfigurationList;
			buildConfigurations = (
				C4EE67FE241D63AF00965952 /* Debug */,
				C4EE67FF241D63AF00965952 /* Release */,
			);
			defaultConfigurationIsVisible = 0;
			defaultConfigurationName = Release;
		};
/* End XCConfigurationList section */
	};
	rootObject = C4EE67EE241D63AF00965952 /* Project object */;
}
